<?xml version="1.0" encoding="utf-8"?>
<Project ToolsVersion="4.0" xmlns="http://schemas.microsoft.com/developer/msbuild/2003">
  <ItemGroup>
    <ClCompile Include="Source\main.cpp" />
    <ClCompile Include="Source\Window.cpp" />
    <ClCompile Include="Source\Renderer.cpp" />
    <ClCompile Include="Source\Rectangle.cpp" />
    <ClCompile Include="Source\ExplorationViewContext.cpp" />
    <ClCompile Include="Source\ViewContext.cpp" />
    <ClCompile Include="Source\Components\Position.cpp" />
    <ClCompile Include="Source\Game.cpp" />
    <ClCompile Include="Source\Entity.cpp" />
    <ClCompile Include="Source\Events\ViewContextChangeEvent.cpp" />
    <ClCompile Include="Source\AnimationManager.cpp" />
    <ClCompile Include="Source\ViewContextManager.cpp" />
    <ClCompile Include="Source\Commands\MoveCommand.cpp" />
    <ClCompile Include="Source\Events\EntityMovedEvent.cpp" />
    <ClCompile Include="Source\Events\Event.cpp" />
    <ClCompile Include="Source\FrameManager.cpp" />
    <ClCompile Include="Source\Sprite.cpp" />
    <ClCompile Include="Source\AnimationFrame.cpp" />
  </ItemGroup>
  <ItemGroup>
    <ClInclude Include="Header\Game.h" />
    <ClInclude Include="Header\Window.h" />
    <ClInclude Include="Header\Renderer.h" />
    <ClInclude Include="Header\Rectangle.h" />
    <ClInclude Include="Header\ViewContext.h" />
    <ClInclude Include="Header\ExplorationViewContext.h" />
    <ClInclude Include="Header\Components\Position.h" />
    <ClInclude Include="Header\Events\Event.h" />
    <ClInclude Include="Header\Entity.h" />
    <ClInclude Include="Header\Events\ViewContextChangeEvent.h" />
    <ClInclude Include="Header\ViewContextManager.h" />
    <ClInclude Include="Header\AnimationManager.h" />
    <ClInclude Include="Header\IProcessEvents.h" />
    <ClInclude Include="Header\IQueueEvents.h" />
    <ClInclude Include="Header\Commands\MoveCommand.h" />
    <ClInclude Include="Header\Commands\Command.h" />
    <ClInclude Include="Header\Events\EntityMovedEvent.h" />
    <ClInclude Include="Header\FrameManager.h" />
    <ClInclude Include="Header\Sprite.h" />
    <ClInclude Include="Header\AnimationFrame.h" />
  </ItemGroup>
  <ItemGroup>
    <Image Include="Resources\RogueYun_SimpleMood_tileset.png" />
  </ItemGroup>
</Project>